
Microsoft Visual Studio Solution File, Format Version 12.00
# Visual Studio Version 17
VisualStudioVersion = 17.7.34031.279
MinimumVisualStudioVersion = 10.0.40219.1
Project("{888888A0-9F3D-457C-B088-3A5042F75D52}") = "Simple Port Scanner", "Simple Port Scanner\Simple Port Scanner.pyproj", "{5F2474F7-B1F1-4801-AFBF-CDB1AD636000}"
EndProject
Global
	GlobalSection(SolutionConfigurationPlatforms) = preSolution
		Debug|Any CPU = Debug|Any CPU
		Release|Any CPU = Release|Any CPU
	EndGlobalSection
	GlobalSection(ProjectConfigurationPlatforms) = postSolution
		{5F2474F7-B1F1-4801-AFBF-CDB1AD636000}.Debug|Any CPU.ActiveCfg = Debug|Any CPU
		{5F2474F7-B1F1-4801-AFBF-CDB1AD636000}.Release|Any CPU.ActiveCfg = Release|Any CPU
	EndGlobalSection
	GlobalSection(SolutionProperties) = preSolution
		HideSolutionNode = FALSE
	EndGlobalSection
	GlobalSection(ExtensibilityGlobals) = postSolution
		SolutionGuid = {C35FF32E-90CD-4456-BDE6-39ADB1177ECB}
	EndGlobalSection
EndGlobal
